
Microsoft Visual Studio Solution File, Format Version 12.00
# Visual Studio Version 17
VisualStudioVersion = 17.0.32112.339
MinimumVisualStudioVersion = 10.0.40219.1
Project("{FAE04EC0-301F-11D3-BF4B-00C04F79EFBC}") = "HormoneTracker", "HormoneTracker\HormoneTracker.csproj", "{891B7854-6D78-4D38-BF75-B20AE747D6E8}"
EndProject
Project("{FAE04EC0-301F-11D3-BF4B-00C04F79EFBC}") = "HormoneTracker.DAL", "HormoneTracker.DAL\HormoneTracker.DAL.csproj", "{95EA8595-262D-4E68-A7B7-22052E4F6057}"
EndProject
Project("{FAE04EC0-301F-11D3-BF4B-00C04F79EFBC}") = "HormoneTracker.BLL", "HormoneTracker.BLL\HormoneTracker.BLL.csproj", "{56B882EC-1390-4E21-A668-837A66BA9FF9}"
EndProject
Project("{FAE04EC0-301F-11D3-BF4B-00C04F79EFBC}") = "HormoneTracker.Core", "HormoneTracker.Core\HormoneTracker.Core.csproj", "{AE9886BF-8E73-450E-BF00-9C52BD56FC2B}"
EndProject
Global
	GlobalSection(SolutionConfigurationPlatforms) = preSolution
		Debug|Any CPU = Debug|Any CPU
		Release|Any CPU = Release|Any CPU
	EndGlobalSection
	GlobalSection(ProjectConfigurationPlatforms) = postSolution
		{891B7854-6D78-4D38-BF75-B20AE747D6E8}.Debug|Any CPU.ActiveCfg = Debug|Any CPU
		{891B7854-6D78-4D38-BF75-B20AE747D6E8}.Debug|Any CPU.Build.0 = Debug|Any CPU
		{891B7854-6D78-4D38-BF75-B20AE747D6E8}.Release|Any CPU.ActiveCfg = Release|Any CPU
		{891B7854-6D78-4D38-BF75-B20AE747D6E8}.Release|Any CPU.Build.0 = Release|Any CPU
		{95EA8595-262D-4E68-A7B7-22052E4F6057}.Debug|Any CPU.ActiveCfg = Debug|Any CPU
		{95EA8595-262D-4E68-A7B7-22052E4F6057}.Debug|Any CPU.Build.0 = Debug|Any CPU
		{95EA8595-262D-4E68-A7B7-22052E4F6057}.Release|Any CPU.ActiveCfg = Release|Any CPU
		{95EA8595-262D-4E68-A7B7-22052E4F6057}.Release|Any CPU.Build.0 = Release|Any CPU
		{56B882EC-1390-4E21-A668-837A66BA9FF9}.Debug|Any CPU.ActiveCfg = Debug|Any CPU
		{56B882EC-1390-4E21-A668-837A66BA9FF9}.Debug|Any CPU.Build.0 = Debug|Any CPU
		{56B882EC-1390-4E21-A668-837A66BA9FF9}.Release|Any CPU.ActiveCfg = Release|Any CPU
		{56B882EC-1390-4E21-A668-837A66BA9FF9}.Release|Any CPU.Build.0 = Release|Any CPU
		{AE9886BF-8E73-450E-BF00-9C52BD56FC2B}.Debug|Any CPU.ActiveCfg = Debug|Any CPU
		{AE9886BF-8E73-450E-BF00-9C52BD56FC2B}.Debug|Any CPU.Build.0 = Debug|Any CPU
		{AE9886BF-8E73-450E-BF00-9C52BD56FC2B}.Release|Any CPU.ActiveCfg = Release|Any CPU
		{AE9886BF-8E73-450E-BF00-9C52BD56FC2B}.Release|Any CPU.Build.0 = Release|Any CPU
	EndGlobalSection
	GlobalSection(SolutionProperties) = preSolution
		HideSolutionNode = FALSE
	EndGlobalSection
	GlobalSection(ExtensibilityGlobals) = postSolution
		SolutionGuid = {8A1810EB-0BB6-4CEE-B39B-A295303F4A65}
	EndGlobalSection
EndGlobal
